
Microsoft Visual Studio Solution File, Format Version 12.00
# Visual Studio Version 17
VisualStudioVersion = 17.2.32526.322
MinimumVisualStudioVersion = 10.0.40219.1
Project("{FAE04EC0-301F-11D3-BF4B-00C04F79EFBC}") = "AddressBookProgram", "AddressBookProgram\AddressBookProgram.csproj", "{CE3926A1-1111-4891-83C5-F24B783F6AD2}"
EndProject
Global
	GlobalSection(SolutionConfigurationPlatforms) = preSolution
		Debug|Any CPU = Debug|Any CPU
		Release|Any CPU = Release|Any CPU
	EndGlobalSection
	GlobalSection(ProjectConfigurationPlatforms) = postSolution
		{CE3926A1-1111-4891-83C5-F24B783F6AD2}.Debug|Any CPU.ActiveCfg = Debug|Any CPU
		{CE3926A1-1111-4891-83C5-F24B783F6AD2}.Debug|Any CPU.Build.0 = Debug|Any CPU
		{CE3926A1-1111-4891-83C5-F24B783F6AD2}.Release|Any CPU.ActiveCfg = Release|Any CPU
		{CE3926A1-1111-4891-83C5-F24B783F6AD2}.Release|Any CPU.Build.0 = Release|Any CPU
	EndGlobalSection
	GlobalSection(SolutionProperties) = preSolution
		HideSolutionNode = FALSE
	EndGlobalSection
	GlobalSection(ExtensibilityGlobals) = postSolution
		SolutionGuid = {84B8E853-4C3E-4EFA-952E-93E9EC269A16}
	EndGlobalSection
EndGlobal
